
Microsoft Visual Studio Solution File, Format Version 12.00
# Visual Studio Version 16
VisualStudioVersion = 16.0.29926.136
MinimumVisualStudioVersion = 10.0.40219.1
Project("{2150E333-8FDC-42A3-9474-1A3956D46DE8}") = "Application", "Application", "{F69B61B9-66F0-48C7-AE9E-330F477491C9}"
EndProject
Project("{2150E333-8FDC-42A3-9474-1A3956D46DE8}") = "Domain", "Domain", "{205D3BF2-9C9A-4825-9C85-E7461FE6BE14}"
EndProject
Project("{2150E333-8FDC-42A3-9474-1A3956D46DE8}") = "Infra.IoC", "Infra.IoC", "{1AB48EC5-3C4F-4B6D-A366-6E272F50C177}"
EndProject
Project("{2150E333-8FDC-42A3-9474-1A3956D46DE8}") = "Infra.Data", "Infra.Data", "{F884786D-3788-4451-8DE1-0BB89ABC779C}"
EndProject
Project("{2150E333-8FDC-42A3-9474-1A3956D46DE8}") = "Presentation", "Presentation", "{9543797E-C95F-4123-AB9E-506759522E8E}"
EndProject
Project("{9A19103F-16F7-4668-BE54-9A1E7A4F7556}") = "CleanArch.Mvc", "CleanArch.Mvc\CleanArch.Mvc.csproj", "{A3F4EEAF-57E6-4474-95D0-41EB9CA862B4}"
EndProject
Project("{9A19103F-16F7-4668-BE54-9A1E7A4F7556}") = "CleanArch.Domain", "CleanArch.Domain\CleanArch.Domain.csproj", "{49151F7F-7DC6-4EA3-9CBE-B54E5072F651}"
EndProject
Project("{9A19103F-16F7-4668-BE54-9A1E7A4F7556}") = "CleanArch.Infra.Data", "CleanArch.Infra.Data\CleanArch.Infra.Data.csproj", "{51DFB143-AE47-4962-ADB6-51E19F833994}"
EndProject
Project("{9A19103F-16F7-4668-BE54-9A1E7A4F7556}") = "CleanArch.Application", "CleanArch.Application\CleanArch.Application.csproj", "{1B332C72-FDD4-40B5-8CA7-3C9C8090837B}"
EndProject
Project("{FAE04EC0-301F-11D3-BF4B-00C04F79EFBC}") = "CleanArch.Infra.IoC", "CleanArch.Infra.IoC\CleanArch.Infra.IoC.csproj", "{8A022FBB-2325-4BEC-B3F9-D9826781AD87}"
EndProject
Global
	GlobalSection(SolutionConfigurationPlatforms) = preSolution
		Debug|Any CPU = Debug|Any CPU
		Release|Any CPU = Release|Any CPU
	EndGlobalSection
	GlobalSection(ProjectConfigurationPlatforms) = postSolution
		{A3F4EEAF-57E6-4474-95D0-41EB9CA862B4}.Debug|Any CPU.ActiveCfg = Debug|Any CPU
		{A3F4EEAF-57E6-4474-95D0-41EB9CA862B4}.Debug|Any CPU.Build.0 = Debug|Any CPU
		{A3F4EEAF-57E6-4474-95D0-41EB9CA862B4}.Release|Any CPU.ActiveCfg = Release|Any CPU
		{A3F4EEAF-57E6-4474-95D0-41EB9CA862B4}.Release|Any CPU.Build.0 = Release|Any CPU
		{49151F7F-7DC6-4EA3-9CBE-B54E5072F651}.Debug|Any CPU.ActiveCfg = Debug|Any CPU
		{49151F7F-7DC6-4EA3-9CBE-B54E5072F651}.Debug|Any CPU.Build.0 = Debug|Any CPU
		{49151F7F-7DC6-4EA3-9CBE-B54E5072F651}.Release|Any CPU.ActiveCfg = Release|Any CPU
		{49151F7F-7DC6-4EA3-9CBE-B54E5072F651}.Release|Any CPU.Build.0 = Release|Any CPU
		{51DFB143-AE47-4962-ADB6-51E19F833994}.Debug|Any CPU.ActiveCfg = Debug|Any CPU
		{51DFB143-AE47-4962-ADB6-51E19F833994}.Debug|Any CPU.Build.0 = Debug|Any CPU
		{51DFB143-AE47-4962-ADB6-51E19F833994}.Release|Any CPU.ActiveCfg = Release|Any CPU
		{51DFB143-AE47-4962-ADB6-51E19F833994}.Release|Any CPU.Build.0 = Release|Any CPU
		{1B332C72-FDD4-40B5-8CA7-3C9C8090837B}.Debug|Any CPU.ActiveCfg = Debug|Any CPU
		{1B332C72-FDD4-40B5-8CA7-3C9C8090837B}.Debug|Any CPU.Build.0 = Debug|Any CPU
		{1B332C72-FDD4-40B5-8CA7-3C9C8090837B}.Release|Any CPU.ActiveCfg = Release|Any CPU
		{1B332C72-FDD4-40B5-8CA7-3C9C8090837B}.Release|Any CPU.Build.0 = Release|Any CPU
		{8A022FBB-2325-4BEC-B3F9-D9826781AD87}.Debug|Any CPU.ActiveCfg = Debug|Any CPU
		{8A022FBB-2325-4BEC-B3F9-D9826781AD87}.Debug|Any CPU.Build.0 = Debug|Any CPU
		{8A022FBB-2325-4BEC-B3F9-D9826781AD87}.Release|Any CPU.ActiveCfg = Release|Any CPU
		{8A022FBB-2325-4BEC-B3F9-D9826781AD87}.Release|Any CPU.Build.0 = Release|Any CPU
	EndGlobalSection
	GlobalSection(SolutionProperties) = preSolution
		HideSolutionNode = FALSE
	EndGlobalSection
	GlobalSection(NestedProjects) = preSolution
		{A3F4EEAF-57E6-4474-95D0-41EB9CA862B4} = {9543797E-C95F-4123-AB9E-506759522E8E}
		{49151F7F-7DC6-4EA3-9CBE-B54E5072F651} = {205D3BF2-9C9A-4825-9C85-E7461FE6BE14}
		{51DFB143-AE47-4962-ADB6-51E19F833994} = {F884786D-3788-4451-8DE1-0BB89ABC779C}
		{1B332C72-FDD4-40B5-8CA7-3C9C8090837B} = {F69B61B9-66F0-48C7-AE9E-330F477491C9}
		{8A022FBB-2325-4BEC-B3F9-D9826781AD87} = {1AB48EC5-3C4F-4B6D-A366-6E272F50C177}
	EndGlobalSection
	GlobalSection(ExtensibilityGlobals) = postSolution
		SolutionGuid = {A9AD2B30-B45B-437B-92BE-2CBDDE9970EF}
	EndGlobalSection
EndGlobal
